hash: b467480950f5c240cbcc59f11f9da126d91248105aac128a5d5357fa16ed8f16
updated: 2016-03-28T16:16:38.359115952-07:00
imports:
- name: github.com/aws/aws-sdk-go
  version: 49c3892b61af1d4996292a3025f36e4dfa25eaee
  subpackages:
  - aws
  - aws/awserr
  - aws/awsutil
  - aws/client
  - aws/client/metadata
  - aws/corehandlers
  - aws/credentials
  - aws/credentials/ec2rolecreds
  - aws/defaults
  - aws/ec2metadata
  - aws/request
  - aws/session
  - private/endpoints
  - private/protocol
  - private/protocol/query
  - private/protocol/query/queryutil
  - private/protocol/rest
  - private/protocol/restxml
  - private/protocol/xml/xmlutil
  - private/signer/v4
  - private/waiter
  - service/cloudfront/sign
  - service/s3
- name: github.com/Azure/azure-sdk-for-go
  version: 95361a2573b1fa92a00c5fc2707a80308483c6f9
  subpackages:
  - storage
- name: github.com/codegangsta/cli
  version: bc465becccd1d527002fda095fc3c19d9c115029
- name: github.com/docker/distribution
  version: 60b9f1756d9f50305faac3e604ed7f58d3ba4b5f
  subpackages:
  - registry/storage/driver
  - registry/storage/driver/azure
  - registry/storage/driver/gcs
  - registry/storage/driver/s3-aws
  - context
  - registry/storage/driver/base
  - registry/storage/driver/factory
  - registry/client/transport
  - uuid
- name: github.com/go-ini/ini
  version: afbd495e5aaea13597b5e14fe514ddeaa4d76fc3
- name: github.com/golang/protobuf
  version: 8d92cf5fc15a4382f8964b08e1f42a75c0591aa3
  subpackages:
  - proto
- name: github.com/gorilla/context
  version: 14f550f51af52180c2eefed15e5fd18d63c0a64a
- name: github.com/gorilla/mux
  version: e444e69cbd2e2e3e0749a2f3c717cec491552bbf
- name: github.com/jmespath/go-jmespath
  version: 0b12d6b521d83fc7f755e7cfc1b1fbdd35a01a74
- name: github.com/Sirupsen/logrus
  version: 55eb11d21d2a31a3cc93838241d04800f52e823d
  subpackages:
  - formatters/logstash
- name: golang.org/x/net
  version: 4876518f9e71663000c348837735820161a42df7
  subpackages:
  - context
  - context/ctxhttp
  - http2
  - http2/hpack
  - internal/timeseries
  - trace
- name: golang.org/x/oauth2
  version: 045497edb6234273d67dbc25da3f2ddbc4c4cacf
  subpackages:
  - google
  - internal
  - jws
  - jwt
- name: google.golang.org/api
  version: 9bf6e6e569ff057f75d9604a46c52928f17d2b54
  subpackages:
  - gensupport
  - googleapi
  - googleapi/internal/uritemplates
  - storage/v1
- name: google.golang.org/appengine
  version: 12d5545dc1cfa6047a286d5e853841b6471f4c19
  subpackages:
  - internal
  - internal/app_identity
  - internal/base
  - internal/datastore
  - internal/log
  - internal/modules
  - internal/remote_api
  - urlfetch
  - internal/urlfetch
- name: google.golang.org/cloud
  version: 975617b05ea8a58727e6c1a06b6161ff4185a9f2
  subpackages:
  - compute/metadata
  - internal
  - internal/opts
  - storage
- name: google.golang.org/grpc
  version: d3ddb4469d5a1b949fc7a7da7c1d6a0d1b6de994
  subpackages:
  - codes
  - credentials
  - grpclog
  - internal
  - metadata
  - naming
  - peer
  - transport
devImports: []
